{
  "name": "my-app",
  "version": "0.1.0",
  "lockfileVersion": 1,
  "requires": true,
  "dependencies": {
    "@types/lodash": {
      "version": "4.14.97",
      "resolved": "https://registry.npmjs.org/@types/lodash/-/lodash-4.14.97.tgz",
      "integrity": "sha512-uIKSroywPzhFYw6azoXK2ChfgW/lTfeiNDJKSGOp5RQSAvMdKMI1g0C1NqdU3I9k9bb8iwcWXGwA0n+JSn/N3A=="
    },
    "@types/lodash.flowright": {
      "version": "3.5.3",
      "resolved": "https://registry.npmjs.org/@types/lodash.flowright/-/lodash.flowright-3.5.3.tgz",
      "integrity": "sha512-YuCTuUlZCNWdrDVdEv1P4b8PxG3pX+wUT5C4pd905UrXYw18s0PU2Xp2fyVDHodrU8qCD+ibKrpdouTgE++LhQ==",
      "requires": {
        "@types/lodash": "4.14.97"
      }
    }
  }
}
